{
  "name": "buffer-stream-js",
  "version": "1.0.0",
  "lockfileVersion": 1,
  "requires": true,
  "dependencies": {
    "text-coder": {
      "version": "1.0.0",
      "resolved": "https://registry.npmjs.org/text-coder/-/text-coder-1.0.0.tgz",
      "integrity": "sha512-Ke22Yrm8adNNmgRUegpoLMddb5ywSG7WDF8vD5NyFzNJE4YLZUlFVKPn3hoCXy+Lk+HkSimX1p+AZz9NKMNrJw=="
    },
    "uint8array-utils": {
      "version": "1.0.0",
      "resolved": "https://registry.npmjs.org/uint8array-utils/-/uint8array-utils-1.0.0.tgz",
      "integrity": "sha512-aJjKQoaPfme/fe7KowNxeBWR7OmSxyegnXytb9JFf8HKh+HHD3Mu1GdtRgVfX+9rcfUcltNGLJ1jRZQWEDb+6w=="
    },
    "utf8-fl": {
      "version": "1.0.0",
      "resolved": "https://registry.npmjs.org/utf8-fl/-/utf8-fl-1.0.0.tgz",
      "integrity": "sha512-Mqi7Qrg1YljRJB96j+ZqmnSCWHF5Bpm5tqz2oO59q6RjVuezcqXxHavJMNhNCUf1pny68GLTI4vnXwCMQgMe6Q==",
      "requires": {
        "text-coder": "^1.0.0"
      }
    }
  }
}
